
Microsoft Visual Studio Solution File, Format Version 12.00
# Visual Studio 2013
VisualStudioVersion = 12.0.30501.0
MinimumVisualStudioVersion = 10.0.40219.1
Project("{FAE04EC0-301F-11D3-BF4B-00C04F79EFBC}") = "RWXViewer", "RWXViewer\RWXViewer.csproj", "{B230DB46-CB59-4D9F-AAC1-A3563C5AF403}"
	ProjectSection(ProjectDependencies) = postProject
		{A37F42E3-E68C-4955-AB70-F1C20EF8E9B7} = {A37F42E3-E68C-4955-AB70-F1C20EF8E9B7}
	EndProjectSection
EndProject
Project("{FAE04EC0-301F-11D3-BF4B-00C04F79EFBC}") = "MrByte.RwxViewer.Renderer", "MrByte.RwxViewer.Renderer\MrByte.RwxViewer.Renderer.csproj", "{A37F42E3-E68C-4955-AB70-F1C20EF8E9B7}"
EndProject
Global
	GlobalSection(SolutionConfigurationPlatforms) = preSolution
		Debug|Any CPU = Debug|Any CPU
		Release|Any CPU = Release|Any CPU
	EndGlobalSection
	GlobalSection(ProjectConfigurationPlatforms) = postSolution
		{B230DB46-CB59-4D9F-AAC1-A3563C5AF403}.Debug|Any CPU.ActiveCfg = Debug|Any CPU
		{B230DB46-CB59-4D9F-AAC1-A3563C5AF403}.Debug|Any CPU.Build.0 = Debug|Any CPU
		{B230DB46-CB59-4D9F-AAC1-A3563C5AF403}.Release|Any CPU.ActiveCfg = Release|Any CPU
		{B230DB46-CB59-4D9F-AAC1-A3563C5AF403}.Release|Any CPU.Build.0 = Release|Any CPU
		{A37F42E3-E68C-4955-AB70-F1C20EF8E9B7}.Debug|Any CPU.ActiveCfg = Debug|Any CPU
		{A37F42E3-E68C-4955-AB70-F1C20EF8E9B7}.Debug|Any CPU.Build.0 = Debug|Any CPU
		{A37F42E3-E68C-4955-AB70-F1C20EF8E9B7}.Release|Any CPU.ActiveCfg = Release|Any CPU
		{A37F42E3-E68C-4955-AB70-F1C20EF8E9B7}.Release|Any CPU.Build.0 = Release|Any CPU
	EndGlobalSection
	GlobalSection(SolutionProperties) = preSolution
		HideSolutionNode = FALSE
	EndGlobalSection
EndGlobal
